{
    "_meta": {
        "hash": {
            "sha256": "6194e595dea08f5dfad56f6401f50519b2a0e552704ae9403686a732d48b18f0"
        },
        "pipfile-spec": 6,
        "requires": {
            "python_version": "3.10"
        },
        "sources": [
            {
                "name": "pypi",
                "url": "https://pypi.org/simple",
                "verify_ssl": true
            }
        ]
    },
    "default": {
        "certifi": {
            "hashes": [
                "sha256:9b469f3a900bf28dc19b8cfbf8019bf47f7fdd1a65a1d4ffb98fc14166beb4d1",
                "sha256:e036ab49d5b79556f99cfc2d9320b34cfbe5be05c5871b51de9329f0603b0474"
            ],
            "index": "pypi",
            "markers": "python_version >= '3.6'",
            "version": "==2023.11.17"
        },
        "distlib": {
            "hashes": [
                "sha256:2e24928bc811348f0feb63014e97aaae3037f2cf48712d51ae61df7fd6075057",
                "sha256:9dafe54b34a028eafd95039d5e5d4851a13734540f1331060d31c9916e7147a8"
            ],
            "index": "pypi",
            "version": "==0.3.7"
        },
        "filelock": {
            "hashes": [
                "sha256:08c21d87ded6e2b9da6728c3dff51baf1dcecf973b768ef35bcbc3447edb9ad4",
                "sha256:2e6f249f1f3654291606e046b09f1fd5eac39b360664c27f5aad072012f8bcbd"
            ],
            "index": "pypi",
            "markers": "python_version >= '3.8'",
            "version": "==3.12.4"
        },
        "pipenv": {
            "hashes": [
                "sha256:6eb537da5a27671f71dc596ea96a5b341aae9a1695413beeb95364467409bb3d",
                "sha256:f587ffff47e8aa76f17803d571f64cf5a24b2bdfb9334435e6528b22ad5e304f"
            ],
            "index": "pypi",
            "markers": "python_version >= '3.8'",
            "version": "==2023.11.15"
        },
        "platformdirs": {
            "hashes": [
                "sha256:b45696dab2d7cc691a3226759c0d3b00c47c8b6e293d96f6436f733303f77f6d",
                "sha256:d7c24979f292f916dc9cbf8648319032f551ea8c49a4c9bf2fb556a02070ec1d"
            ],
            "index": "pypi",
            "markers": "python_version >= '3.7'",
            "version": "==3.10.0"
        },
        "setuptools": {
            "hashes": [
                "sha256:0ff4183f8f42cd8fa3acea16c45205521a4ef28f73c6391d8a25e92893134f2e",
                "sha256:c21c49fb1042386df081cb5d86759792ab89efca84cf114889191cd09aacc80c"
            ],
            "markers": "python_version >= '3.8'",
            "version": "==69.2.0"
        },
        "virtualenv": {
            "hashes": [
                "sha256:b80039f280f4919c77b30f1c23294ae357c4c8701042086e3fc005963e4e537b",
                "sha256:e8361967f6da6fbdf1426483bfe9fca8287c242ac0bc30429905721cefbff752"
            ],
            "index": "pypi",
            "markers": "python_version >= '3.7'",
            "version": "==20.24.5"
        },
        "virtualenvwrapper-win": {
            "hashes": [
                "sha256:39e2ade7530512d6ea2625cbb9825578de97e3bfe0cfd8f3ed784cc275344b86",
                "sha256:c9c7aedb12d8901d4aa75ac8213b04872769f4442258dfd033aed0f0ba973982"
            ],
            "index": "pypi",
            "version": "==1.2.7"
        }
    },
    "develop": {}
}
